
Microsoft Visual Studio Solution File, Format Version 12.00
# Visual Studio 14
VisualStudioVersion = 14.0.25420.1
MinimumVisualStudioVersion = 10.0.40219.1
Project("{FAE04EC0-301F-11D3-BF4B-00C04F79EFBC}") = "TaskManager.ApplicationServer", "TaskManager.ApplicationServer\TaskManager.ApplicationServer.csproj", "{89A54710-FABC-4018-A0E6-5C9415210F2C}"
EndProject
Project("{FAE04EC0-301F-11D3-BF4B-00C04F79EFBC}") = "TaskManager.ApplicationServer.Tests", "TaskManager.ApplicationServer.Tests\TaskManager.ApplicationServer.Tests.csproj", "{AD498BA8-5B2E-4454-96FE-9A2C0EBDB655}"
EndProject
Project("{FAE04EC0-301F-11D3-BF4B-00C04F79EFBC}") = "TaskManager.ApplicationServer.Dal", "TaskManager.ApplicationServer.Dal\TaskManager.ApplicationServer.Dal.csproj", "{D1124E61-82F9-41B4-960A-42A967B52CBE}"
EndProject
Global
	GlobalSection(SolutionConfigurationPlatforms) = preSolution
		Debug|Any CPU = Debug|Any CPU
		Release|Any CPU = Release|Any CPU
	EndGlobalSection
	GlobalSection(ProjectConfigurationPlatforms) = postSolution
		{89A54710-FABC-4018-A0E6-5C9415210F2C}.Debug|Any CPU.ActiveCfg = Debug|Any CPU
		{89A54710-FABC-4018-A0E6-5C9415210F2C}.Debug|Any CPU.Build.0 = Debug|Any CPU
		{89A54710-FABC-4018-A0E6-5C9415210F2C}.Release|Any CPU.ActiveCfg = Release|Any CPU
		{89A54710-FABC-4018-A0E6-5C9415210F2C}.Release|Any CPU.Build.0 = Release|Any CPU
		{AD498BA8-5B2E-4454-96FE-9A2C0EBDB655}.Debug|Any CPU.ActiveCfg = Debug|Any CPU
		{AD498BA8-5B2E-4454-96FE-9A2C0EBDB655}.Debug|Any CPU.Build.0 = Debug|Any CPU
		{AD498BA8-5B2E-4454-96FE-9A2C0EBDB655}.Release|Any CPU.ActiveCfg = Release|Any CPU
		{AD498BA8-5B2E-4454-96FE-9A2C0EBDB655}.Release|Any CPU.Build.0 = Release|Any CPU
		{D1124E61-82F9-41B4-960A-42A967B52CBE}.Debug|Any CPU.ActiveCfg = Debug|Any CPU
		{D1124E61-82F9-41B4-960A-42A967B52CBE}.Debug|Any CPU.Build.0 = Debug|Any CPU
		{D1124E61-82F9-41B4-960A-42A967B52CBE}.Release|Any CPU.ActiveCfg = Release|Any CPU
		{D1124E61-82F9-41B4-960A-42A967B52CBE}.Release|Any CPU.Build.0 = Release|Any CPU
	EndGlobalSection
	GlobalSection(SolutionProperties) = preSolution
		HideSolutionNode = FALSE
	EndGlobalSection
EndGlobal
